
Microsoft Visual Studio Solution File, Format Version 12.00
# Visual Studio 15
VisualStudioVersion = 15.0.27130.2026
MinimumVisualStudioVersion = 10.0.40219.1
Project("{8BC9CEB8-8B4A-11D0-8D11-00A0C91BC942}") = "1.3.1.hello_window", "1.3.1.hello_window\1.3.1.hello_window.vcxproj", "{A2C7953D-A533-4425-A947-3C808B688A56}"
EndProject
Project("{8BC9CEB8-8B4A-11D0-8D11-00A0C91BC942}") = "1.4.1.hello_tringle", "1.4.1.hello_tringle\1.4.1.hello_tringle.vcxproj", "{8C27A8D6-3316-4B0B-A44B-2135949456FB}"
EndProject
Project("{8BC9CEB8-8B4A-11D0-8D11-00A0C91BC942}") = "1.4.2.hello_tringle_index", "1.4.2.hello_tringle_index\1.4.2.hello_tringle_index.vcxproj", "{F00A50EE-D0CC-488F-AAF2-05367C429586}"
EndProject
Project("{8BC9CEB8-8B4A-11D0-8D11-00A0C91BC942}") = "1.4.3.hello_tringle_Exercise2", "1.4.3.hello_tringle_Exercise2\1.4.3.hello_tringle_Exercise2.vcxproj", "{A774CDD7-4AE5-4FC2-BEE4-BF44E0A593C9}"
EndProject
Project("{8BC9CEB8-8B4A-11D0-8D11-00A0C91BC942}") = "1.4.4.hello_tringle_Exercise3", "1.4.4.hello_tringle_Exercise3\1.4.4.hello_tringle_Exercise3.vcxproj", "{7EC3A753-F030-4A04-92BB-76208B71F329}"
EndProject
Project("{8BC9CEB8-8B4A-11D0-8D11-00A0C91BC942}") = "1.5.1.hello_shader", "1.5.1.hello_shader\1.5.1.hello_shader.vcxproj", "{985EA253-FFB8-4241-B4F1-1EC731E2591F}"
EndProject
Project("{8BC9CEB8-8B4A-11D0-8D11-00A0C91BC942}") = "1.5.2.hello_shader_uniform", "1.5.2.hello_shader_uniform\1.5.2.hello_shader_uniform.vcxproj", "{B5FC3C03-4A11-4749-85E0-8148DBDCF707}"
EndProject
Project("{8BC9CEB8-8B4A-11D0-8D11-00A0C91BC942}") = "1.5.3.hello_shader_attribs", "1.5.3.hello_shader_attribs\1.5.3.hello_shader_attribs.vcxproj", "{F81C791D-42EE-470D-B64B-C643956F0908}"
EndProject
Project("{8BC9CEB8-8B4A-11D0-8D11-00A0C91BC942}") = "1.5.4.hello_shader_class", "1.5.4.hello_shader_class\1.5.4.hello_shader_class.vcxproj", "{6C2D8C26-B2EB-42E7-B32E-F91EC55C78EB}"
EndProject
Project("{8BC9CEB8-8B4A-11D0-8D11-00A0C91BC942}") = "1.5.5.hello_shader_exercise1", "1.5.5.hello_shader_exercise1\1.5.5.hello_shader_exercise1.vcxproj", "{A9834C87-9736-4021-9CE0-2CA99A42A71A}"
EndProject
Project("{8BC9CEB8-8B4A-11D0-8D11-00A0C91BC942}") = "1.5.6.hello_shader_exercise2", "1.5.6.hello_shader_exercise2\1.5.6.hello_shader_exercise2.vcxproj", "{6D69D7B1-41F9-485E-987C-509B0FEBF574}"
EndProject
Project("{8BC9CEB8-8B4A-11D0-8D11-00A0C91BC942}") = "1.5.7.hello_shader_exercise3", "1.5.7.hello_shader_exercise3\1.5.7.hello_shader_exercise3.vcxproj", "{EDB1B5ED-46CE-4F56-94DA-59A8669783AD}"
EndProject
Project("{8BC9CEB8-8B4A-11D0-8D11-00A0C91BC942}") = "1.6.1.hello_texture", "1.6.1.hello_texture\1.6.1.hello_texture.vcxproj", "{F760B439-1581-4FA3-81AE-734A7684B160}"
EndProject
Project("{8BC9CEB8-8B4A-11D0-8D11-00A0C91BC942}") = "1.6.2.hello_texture_mix", "1.6.2.hello_texture_mix\1.6.2.hello_texture_mix.vcxproj", "{7F8942FF-4A1D-404A-B4AF-D21CF9C9AF55}"
EndProject
Project("{8BC9CEB8-8B4A-11D0-8D11-00A0C91BC942}") = "1.6.3.hello_texture_exercise2", "1.6.3.hello_texture_exercise2\1.6.3.hello_texture_exercise2.vcxproj", "{437D1355-2242-4249-B850-19D895BE18E5}"
EndProject
Project("{8BC9CEB8-8B4A-11D0-8D11-00A0C91BC942}") = "1.6.4.hello_texture_exercise4", "1.6.4.hello_texture_exercise4\1.6.4.hello_texture_exercise4.vcxproj", "{22CDFC03-97BA-44EC-9E80-8483DAFCCC38}"
EndProject
Global
	GlobalSection(SolutionConfigurationPlatforms) = preSolution
		Debug|x64 = Debug|x64
		Debug|x86 = Debug|x86
		Release|x64 = Release|x64
		Release|x86 = Release|x86
	EndGlobalSection
	GlobalSection(ProjectConfigurationPlatforms) = postSolution
		{A2C7953D-A533-4425-A947-3C808B688A56}.Debug|x64.ActiveCfg = Debug|x64
		{A2C7953D-A533-4425-A947-3C808B688A56}.Debug|x64.Build.0 = Debug|x64
		{A2C7953D-A533-4425-A947-3C808B688A56}.Debug|x86.ActiveCfg = Debug|Win32
		{A2C7953D-A533-4425-A947-3C808B688A56}.Debug|x86.Build.0 = Debug|Win32
		{A2C7953D-A533-4425-A947-3C808B688A56}.Release|x64.ActiveCfg = Release|x64
		{A2C7953D-A533-4425-A947-3C808B688A56}.Release|x64.Build.0 = Release|x64
		{A2C7953D-A533-4425-A947-3C808B688A56}.Release|x86.ActiveCfg = Release|Win32
		{A2C7953D-A533-4425-A947-3C808B688A56}.Release|x86.Build.0 = Release|Win32
		{8C27A8D6-3316-4B0B-A44B-2135949456FB}.Debug|x64.ActiveCfg = Debug|x64
		{8C27A8D6-3316-4B0B-A44B-2135949456FB}.Debug|x64.Build.0 = Debug|x64
		{8C27A8D6-3316-4B0B-A44B-2135949456FB}.Debug|x86.ActiveCfg = Debug|Win32
		{8C27A8D6-3316-4B0B-A44B-2135949456FB}.Debug|x86.Build.0 = Debug|Win32
		{8C27A8D6-3316-4B0B-A44B-2135949456FB}.Release|x64.ActiveCfg = Release|x64
		{8C27A8D6-3316-4B0B-A44B-2135949456FB}.Release|x64.Build.0 = Release|x64
		{8C27A8D6-3316-4B0B-A44B-2135949456FB}.Release|x86.ActiveCfg = Release|Win32
		{8C27A8D6-3316-4B0B-A44B-2135949456FB}.Release|x86.Build.0 = Release|Win32
		{F00A50EE-D0CC-488F-AAF2-05367C429586}.Debug|x64.ActiveCfg = Debug|x64
		{F00A50EE-D0CC-488F-AAF2-05367C429586}.Debug|x64.Build.0 = Debug|x64
		{F00A50EE-D0CC-488F-AAF2-05367C429586}.Debug|x86.ActiveCfg = Debug|Win32
		{F00A50EE-D0CC-488F-AAF2-05367C429586}.Debug|x86.Build.0 = Debug|Win32
		{F00A50EE-D0CC-488F-AAF2-05367C429586}.Release|x64.ActiveCfg = Release|x64
		{F00A50EE-D0CC-488F-AAF2-05367C429586}.Release|x64.Build.0 = Release|x64
		{F00A50EE-D0CC-488F-AAF2-05367C429586}.Release|x86.ActiveCfg = Release|Win32
		{F00A50EE-D0CC-488F-AAF2-05367C429586}.Release|x86.Build.0 = Release|Win32
		{A774CDD7-4AE5-4FC2-BEE4-BF44E0A593C9}.Debug|x64.ActiveCfg = Debug|x64
		{A774CDD7-4AE5-4FC2-BEE4-BF44E0A593C9}.Debug|x64.Build.0 = Debug|x64
		{A774CDD7-4AE5-4FC2-BEE4-BF44E0A593C9}.Debug|x86.ActiveCfg = Debug|Win32
		{A774CDD7-4AE5-4FC2-BEE4-BF44E0A593C9}.Debug|x86.Build.0 = Debug|Win32
		{A774CDD7-4AE5-4FC2-BEE4-BF44E0A593C9}.Release|x64.ActiveCfg = Release|x64
		{A774CDD7-4AE5-4FC2-BEE4-BF44E0A593C9}.Release|x64.Build.0 = Release|x64
		{A774CDD7-4AE5-4FC2-BEE4-BF44E0A593C9}.Release|x86.ActiveCfg = Release|Win32
		{A774CDD7-4AE5-4FC2-BEE4-BF44E0A593C9}.Release|x86.Build.0 = Release|Win32
		{7EC3A753-F030-4A04-92BB-76208B71F329}.Debug|x64.ActiveCfg = Debug|x64
		{7EC3A753-F030-4A04-92BB-76208B71F329}.Debug|x64.Build.0 = Debug|x64
		{7EC3A753-F030-4A04-92BB-76208B71F329}.Debug|x86.ActiveCfg = Debug|Win32
		{7EC3A753-F030-4A04-92BB-76208B71F329}.Debug|x86.Build.0 = Debug|Win32
		{7EC3A753-F030-4A04-92BB-76208B71F329}.Release|x64.ActiveCfg = Release|x64
		{7EC3A753-F030-4A04-92BB-76208B71F329}.Release|x64.Build.0 = Release|x64
		{7EC3A753-F030-4A04-92BB-76208B71F329}.Release|x86.ActiveCfg = Release|Win32
		{7EC3A753-F030-4A04-92BB-76208B71F329}.Release|x86.Build.0 = Release|Win32
		{985EA253-FFB8-4241-B4F1-1EC731E2591F}.Debug|x64.ActiveCfg = Debug|x64
		{985EA253-FFB8-4241-B4F1-1EC731E2591F}.Debug|x64.Build.0 = Debug|x64
		{985EA253-FFB8-4241-B4F1-1EC731E2591F}.Debug|x86.ActiveCfg = Debug|Win32
		{985EA253-FFB8-4241-B4F1-1EC731E2591F}.Debug|x86.Build.0 = Debug|Win32
		{985EA253-FFB8-4241-B4F1-1EC731E2591F}.Release|x64.ActiveCfg = Release|x64
		{985EA253-FFB8-4241-B4F1-1EC731E2591F}.Release|x64.Build.0 = Release|x64
		{985EA253-FFB8-4241-B4F1-1EC731E2591F}.Release|x86.ActiveCfg = Release|Win32
		{985EA253-FFB8-4241-B4F1-1EC731E2591F}.Release|x86.Build.0 = Release|Win32
		{B5FC3C03-4A11-4749-85E0-8148DBDCF707}.Debug|x64.ActiveCfg = Debug|x64
		{B5FC3C03-4A11-4749-85E0-8148DBDCF707}.Debug|x64.Build.0 = Debug|x64
		{B5FC3C03-4A11-4749-85E0-8148DBDCF707}.Debug|x86.ActiveCfg = Debug|Win32
		{B5FC3C03-4A11-4749-85E0-8148DBDCF707}.Debug|x86.Build.0 = Debug|Win32
		{B5FC3C03-4A11-4749-85E0-8148DBDCF707}.Release|x64.ActiveCfg = Release|x64
		{B5FC3C03-4A11-4749-85E0-8148DBDCF707}.Release|x64.Build.0 = Release|x64
		{B5FC3C03-4A11-4749-85E0-8148DBDCF707}.Release|x86.ActiveCfg = Release|Win32
		{B5FC3C03-4A11-4749-85E0-8148DBDCF707}.Release|x86.Build.0 = Release|Win32
		{F81C791D-42EE-470D-B64B-C643956F0908}.Debug|x64.ActiveCfg = Debug|x64
		{F81C791D-42EE-470D-B64B-C643956F0908}.Debug|x64.Build.0 = Debug|x64
		{F81C791D-42EE-470D-B64B-C643956F0908}.Debug|x86.ActiveCfg = Debug|Win32
		{F81C791D-42EE-470D-B64B-C643956F0908}.Debug|x86.Build.0 = Debug|Win32
		{F81C791D-42EE-470D-B64B-C643956F0908}.Release|x64.ActiveCfg = Release|x64
		{F81C791D-42EE-470D-B64B-C643956F0908}.Release|x64.Build.0 = Release|x64
		{F81C791D-42EE-470D-B64B-C643956F0908}.Release|x86.ActiveCfg = Release|Win32
		{F81C791D-42EE-470D-B64B-C643956F0908}.Release|x86.Build.0 = Release|Win32
		{6C2D8C26-B2EB-42E7-B32E-F91EC55C78EB}.Debug|x64.ActiveCfg = Debug|x64
		{6C2D8C26-B2EB-42E7-B32E-F91EC55C78EB}.Debug|x64.Build.0 = Debug|x64
		{6C2D8C26-B2EB-42E7-B32E-F91EC55C78EB}.Debug|x86.ActiveCfg = Debug|Win32
		{6C2D8C26-B2EB-42E7-B32E-F91EC55C78EB}.Debug|x86.Build.0 = Debug|Win32
		{6C2D8C26-B2EB-42E7-B32E-F91EC55C78EB}.Release|x64.ActiveCfg = Release|x64
		{6C2D8C26-B2EB-42E7-B32E-F91EC55C78EB}.Release|x64.Build.0 = Release|x64
		{6C2D8C26-B2EB-42E7-B32E-F91EC55C78EB}.Release|x86.ActiveCfg = Release|Win32
		{6C2D8C26-B2EB-42E7-B32E-F91EC55C78EB}.Release|x86.Build.0 = Release|Win32
		{A9834C87-9736-4021-9CE0-2CA99A42A71A}.Debug|x64.ActiveCfg = Debug|x64
		{A9834C87-9736-4021-9CE0-2CA99A42A71A}.Debug|x64.Build.0 = Debug|x64
		{A9834C87-9736-4021-9CE0-2CA99A42A71A}.Debug|x86.ActiveCfg = Debug|Win32
		{A9834C87-9736-4021-9CE0-2CA99A42A71A}.Debug|x86.Build.0 = Debug|Win32
		{A9834C87-9736-4021-9CE0-2CA99A42A71A}.Release|x64.ActiveCfg = Release|x64
		{A9834C87-9736-4021-9CE0-2CA99A42A71A}.Release|x64.Build.0 = Release|x64
		{A9834C87-9736-4021-9CE0-2CA99A42A71A}.Release|x86.ActiveCfg = Release|Win32
		{A9834C87-9736-4021-9CE0-2CA99A42A71A}.Release|x86.Build.0 = Release|Win32
		{6D69D7B1-41F9-485E-987C-509B0FEBF574}.Debug|x64.ActiveCfg = Debug|x64
		{6D69D7B1-41F9-485E-987C-509B0FEBF574}.Debug|x64.Build.0 = Debug|x64
		{6D69D7B1-41F9-485E-987C-509B0FEBF574}.Debug|x86.ActiveCfg = Debug|Win32
		{6D69D7B1-41F9-485E-987C-509B0FEBF574}.Debug|x86.Build.0 = Debug|Win32
		{6D69D7B1-41F9-485E-987C-509B0FEBF574}.Release|x64.ActiveCfg = Release|x64
		{6D69D7B1-41F9-485E-987C-509B0FEBF574}.Release|x64.Build.0 = Release|x64
		{6D69D7B1-41F9-485E-987C-509B0FEBF574}.Release|x86.ActiveCfg = Release|Win32
		{6D69D7B1-41F9-485E-987C-509B0FEBF574}.Release|x86.Build.0 = Release|Win32
		{EDB1B5ED-46CE-4F56-94DA-59A8669783AD}.Debug|x64.ActiveCfg = Debug|x64
		{EDB1B5ED-46CE-4F56-94DA-59A8669783AD}.Debug|x64.Build.0 = Debug|x64
		{EDB1B5ED-46CE-4F56-94DA-59A8669783AD}.Debug|x86.ActiveCfg = Debug|Win32
		{EDB1B5ED-46CE-4F56-94DA-59A8669783AD}.Debug|x86.Build.0 = Debug|Win32
		{EDB1B5ED-46CE-4F56-94DA-59A8669783AD}.Release|x64.ActiveCfg = Release|x64
		{EDB1B5ED-46CE-4F56-94DA-59A8669783AD}.Release|x64.Build.0 = Release|x64
		{EDB1B5ED-46CE-4F56-94DA-59A8669783AD}.Release|x86.ActiveCfg = Release|Win32
		{EDB1B5ED-46CE-4F56-94DA-59A8669783AD}.Release|x86.Build.0 = Release|Win32
		{F760B439-1581-4FA3-81AE-734A7684B160}.Debug|x64.ActiveCfg = Debug|x64
		{F760B439-1581-4FA3-81AE-734A7684B160}.Debug|x64.Build.0 = Debug|x64
		{F760B439-1581-4FA3-81AE-734A7684B160}.Debug|x86.ActiveCfg = Debug|Win32
		{F760B439-1581-4FA3-81AE-734A7684B160}.Debug|x86.Build.0 = Debug|Win32
		{F760B439-1581-4FA3-81AE-734A7684B160}.Release|x64.ActiveCfg = Release|x64
		{F760B439-1581-4FA3-81AE-734A7684B160}.Release|x64.Build.0 = Release|x64
		{F760B439-1581-4FA3-81AE-734A7684B160}.Release|x86.ActiveCfg = Release|Win32
		{F760B439-1581-4FA3-81AE-734A7684B160}.Release|x86.Build.0 = Release|Win32
		{7F8942FF-4A1D-404A-B4AF-D21CF9C9AF55}.Debug|x64.ActiveCfg = Debug|x64
		{7F8942FF-4A1D-404A-B4AF-D21CF9C9AF55}.Debug|x64.Build.0 = Debug|x64
		{7F8942FF-4A1D-404A-B4AF-D21CF9C9AF55}.Debug|x86.ActiveCfg = Debug|Win32
		{7F8942FF-4A1D-404A-B4AF-D21CF9C9AF55}.Debug|x86.Build.0 = Debug|Win32
		{7F8942FF-4A1D-404A-B4AF-D21CF9C9AF55}.Release|x64.ActiveCfg = Release|x64
		{7F8942FF-4A1D-404A-B4AF-D21CF9C9AF55}.Release|x64.Build.0 = Release|x64
		{7F8942FF-4A1D-404A-B4AF-D21CF9C9AF55}.Release|x86.ActiveCfg = Release|Win32
		{7F8942FF-4A1D-404A-B4AF-D21CF9C9AF55}.Release|x86.Build.0 = Release|Win32
		{437D1355-2242-4249-B850-19D895BE18E5}.Debug|x64.ActiveCfg = Debug|x64
		{437D1355-2242-4249-B850-19D895BE18E5}.Debug|x64.Build.0 = Debug|x64
		{437D1355-2242-4249-B850-19D895BE18E5}.Debug|x86.ActiveCfg = Debug|Win32
		{437D1355-2242-4249-B850-19D895BE18E5}.Debug|x86.Build.0 = Debug|Win32
		{437D1355-2242-4249-B850-19D895BE18E5}.Release|x64.ActiveCfg = Release|x64
		{437D1355-2242-4249-B850-19D895BE18E5}.Release|x64.Build.0 = Release|x64
		{437D1355-2242-4249-B850-19D895BE18E5}.Release|x86.ActiveCfg = Release|Win32
		{437D1355-2242-4249-B850-19D895BE18E5}.Release|x86.Build.0 = Release|Win32
		{22CDFC03-97BA-44EC-9E80-8483DAFCCC38}.Debug|x64.ActiveCfg = Debug|x64
		{22CDFC03-97BA-44EC-9E80-8483DAFCCC38}.Debug|x64.Build.0 = Debug|x64
		{22CDFC03-97BA-44EC-9E80-8483DAFCCC38}.Debug|x86.ActiveCfg = Debug|Win32
		{22CDFC03-97BA-44EC-9E80-8483DAFCCC38}.Debug|x86.Build.0 = Debug|Win32
		{22CDFC03-97BA-44EC-9E80-8483DAFCCC38}.Release|x64.ActiveCfg = Release|x64
		{22CDFC03-97BA-44EC-9E80-8483DAFCCC38}.Release|x64.Build.0 = Release|x64
		{22CDFC03-97BA-44EC-9E80-8483DAFCCC38}.Release|x86.ActiveCfg = Release|Win32
		{22CDFC03-97BA-44EC-9E80-8483DAFCCC38}.Release|x86.Build.0 = Release|Win32
	EndGlobalSection
	GlobalSection(SolutionProperties) = preSolution
		HideSolutionNode = FALSE
	EndGlobalSection
	GlobalSection(ExtensibilityGlobals) = postSolution
		SolutionGuid = {9828B2E9-6881-4929-9BC6-D28F5B50FADC}
	EndGlobalSection
EndGlobal
